
Microsoft Visual Studio Solution File, Format Version 12.00
# Visual Studio Version 17
VisualStudioVersion = 17.0.31903.59
MinimumVisualStudioVersion = 10.0.40219.1
Project("{9A19103F-16F7-4668-BE54-9A1E7A4F7556}") = "BasePM.Terminal", "BasePM.Terminal\BasePM.Terminal.csproj", "{4436894F-39E1-4F26-BA9B-7D192E715F0D}"
EndProject
Project("{FAE04EC0-301F-11D3-BF4B-00C04F79EFBC}") = "BasePM.Data", "BasePM.Data\BasePM.Data.csproj", "{86CD54F1-9693-4BD4-A053-636B0763835D}"
EndProject
Global
	GlobalSection(SolutionConfigurationPlatforms) = preSolution
		Debug|Any CPU = Debug|Any CPU
		Release|Any CPU = Release|Any CPU
	EndGlobalSection
	GlobalSection(ProjectConfigurationPlatforms) = postSolution
		{4436894F-39E1-4F26-BA9B-7D192E715F0D}.Debug|Any CPU.ActiveCfg = Debug|Any CPU
		{4436894F-39E1-4F26-BA9B-7D192E715F0D}.Debug|Any CPU.Build.0 = Debug|Any CPU
		{4436894F-39E1-4F26-BA9B-7D192E715F0D}.Release|Any CPU.ActiveCfg = Release|Any CPU
		{4436894F-39E1-4F26-BA9B-7D192E715F0D}.Release|Any CPU.Build.0 = Release|Any CPU
		{86CD54F1-9693-4BD4-A053-636B0763835D}.Debug|Any CPU.ActiveCfg = Debug|Any CPU
		{86CD54F1-9693-4BD4-A053-636B0763835D}.Debug|Any CPU.Build.0 = Debug|Any CPU
		{86CD54F1-9693-4BD4-A053-636B0763835D}.Release|Any CPU.ActiveCfg = Release|Any CPU
		{86CD54F1-9693-4BD4-A053-636B0763835D}.Release|Any CPU.Build.0 = Release|Any CPU
	EndGlobalSection
	GlobalSection(SolutionProperties) = preSolution
		HideSolutionNode = FALSE
	EndGlobalSection
EndGlobal
